
Microsoft Visual Studio Solution File, Format Version 12.00
Project("{FAE04EC0-301F-11D3-BF4B-00C04F79EFBC}") = "UrlShortener", "UrlShortener\UrlShortener.csproj", "{FAB01CF8-6C43-486F-9D41-5E1694ABF97C}"
EndProject
Global
	GlobalSection(SolutionConfigurationPlatforms) = preSolution
		Debug|Any CPU = Debug|Any CPU
		Release|Any CPU = Release|Any CPU
	EndGlobalSection
	GlobalSection(ProjectConfigurationPlatforms) = postSolution
		{FAB01CF8-6C43-486F-9D41-5E1694ABF97C}.Debug|Any CPU.ActiveCfg = Debug|Any CPU
		{FAB01CF8-6C43-486F-9D41-5E1694ABF97C}.Debug|Any CPU.Build.0 = Debug|Any CPU
		{FAB01CF8-6C43-486F-9D41-5E1694ABF97C}.Release|Any CPU.ActiveCfg = Release|Any CPU
		{FAB01CF8-6C43-486F-9D41-5E1694ABF97C}.Release|Any CPU.Build.0 = Release|Any CPU
	EndGlobalSection
EndGlobal
